{
  "name": "portfolio",
  "version": "1.0.0",
  "lockfileVersion": 3,
  "requires": true,
  "packages": {
    "": {
      "name": "portfolio",
      "version": "1.0.0",
      "license": "ISC",
      "dependencies": {
        "cobe": "^2.0.1"
      },
      "devDependencies": {}
    },
    "node_modules/cobe": {
      "version": "2.0.1",
      "resolved": "https://registry.npmjs.org/cobe/-/cobe-2.0.1.tgz",
      "integrity": "sha512-aaa6vcIlaC8C1SF50LDH0Anybo/EAXnrxqe+bwvr4+YUtZydqjeBjTTD7ziCCkbRrRGSns3I3F6cZsf3W+L+ag==",
      "license": "MIT"
    }
  }
}
